
Microsoft Visual Studio Solution File, Format Version 12.00
# Visual Studio Version 17
VisualStudioVersion = 17.4.33213.308
MinimumVisualStudioVersion = 10.0.40219.1
Project("{8BC9CEB8-8B4A-11D0-8D11-00A0C91BC942}") = "Task2_Exseption_in_constructor", "Task2_Exseption_in_constructor\Task2_Exseption_in_constructor.vcxproj", "{26EC8331-CC28-4553-8D02-55E00E752E77}"
EndProject
Global
	GlobalSection(SolutionConfigurationPlatforms) = preSolution
		Debug|x64 = Debug|x64
		Debug|x86 = Debug|x86
		Release|x64 = Release|x64
		Release|x86 = Release|x86
	EndGlobalSection
	GlobalSection(ProjectConfigurationPlatforms) = postSolution
		{26EC8331-CC28-4553-8D02-55E00E752E77}.Debug|x64.ActiveCfg = Debug|x64
		{26EC8331-CC28-4553-8D02-55E00E752E77}.Debug|x64.Build.0 = Debug|x64
		{26EC8331-CC28-4553-8D02-55E00E752E77}.Debug|x86.ActiveCfg = Debug|Win32
		{26EC8331-CC28-4553-8D02-55E00E752E77}.Debug|x86.Build.0 = Debug|Win32
		{26EC8331-CC28-4553-8D02-55E00E752E77}.Release|x64.ActiveCfg = Release|x64
		{26EC8331-CC28-4553-8D02-55E00E752E77}.Release|x64.Build.0 = Release|x64
		{26EC8331-CC28-4553-8D02-55E00E752E77}.Release|x86.ActiveCfg = Release|Win32
		{26EC8331-CC28-4553-8D02-55E00E752E77}.Release|x86.Build.0 = Release|Win32
	EndGlobalSection
	GlobalSection(SolutionProperties) = preSolution
		HideSolutionNode = FALSE
	EndGlobalSection
	GlobalSection(ExtensibilityGlobals) = postSolution
		SolutionGuid = {882BB33E-05F3-4BE4-BCE3-F9467F0DAC4C}
	EndGlobalSection
EndGlobal
